
Microsoft Visual Studio Solution File, Format Version 12.00
# Visual Studio Version 17
VisualStudioVersion = 17.4.33103.184
MinimumVisualStudioVersion = 10.0.40219.1
Project("{FAE04EC0-301F-11D3-BF4B-00C04F79EFBC}") = "Signal", "Signal\Signal.csproj", "{11780624-2DA9-4957-961D-D284205F826B}"
EndProject
Global
	GlobalSection(SolutionConfigurationPlatforms) = preSolution
		Debug|Any CPU = Debug|Any CPU
		Release|Any CPU = Release|Any CPU
	EndGlobalSection
	GlobalSection(ProjectConfigurationPlatforms) = postSolution
		{11780624-2DA9-4957-961D-D284205F826B}.Debug|Any CPU.ActiveCfg = Debug|Any CPU
		{11780624-2DA9-4957-961D-D284205F826B}.Debug|Any CPU.Build.0 = Debug|Any CPU
		{11780624-2DA9-4957-961D-D284205F826B}.Release|Any CPU.ActiveCfg = Release|Any CPU
		{11780624-2DA9-4957-961D-D284205F826B}.Release|Any CPU.Build.0 = Release|Any CPU
	EndGlobalSection
	GlobalSection(SolutionProperties) = preSolution
		HideSolutionNode = FALSE
	EndGlobalSection
	GlobalSection(ExtensibilityGlobals) = postSolution
		SolutionGuid = {D569188A-CD4C-4480-BCC2-945B1B0D05C3}
	EndGlobalSection
EndGlobal
